
Microsoft Visual Studio Solution File, Format Version 12.00
# Visual Studio Version 17
VisualStudioVersion = 17.14.36518.9
MinimumVisualStudioVersion = 10.0.40219.1
Project("{2150E333-8FDC-42A3-9474-1A3956D46DE8}") = "Task2", "Task2", "{02EA681E-C7D8-13C7-8484-4AC65E1B71E8}"
EndProject
Project("{FAE04EC0-301F-11D3-BF4B-00C04F79EFBC}") = "Tyuiu.kkhalid.sprint1.Task2.V22", "Tyuiu.kkhalid.sprint1.Task2.V22\Tyuiu.kkhalid.sprint1.Task2.V22.csproj", "{56143489-B7AF-457D-A585-46F10FE0AC4D}"
EndProject
Project("{FAE04EC0-301F-11D3-BF4B-00C04F79EFBC}") = "Tyuiu.kkhalid.sprint1.Task2.V22.Lib", "Tyuiu.kkhalid.sprint1.Task2.V22.Lib\Tyuiu.kkhalid.sprint1.Task2.V22.Lib.csproj", "{C34A22F9-0E51-44C6-9A8A-F88A460B22FB}"
EndProject
Project("{FAE04EC0-301F-11D3-BF4B-00C04F79EFBC}") = "Tyuiu.kkhalid.sprint1.Task2.V22.Test", "Tyuiu.kkhalid.sprint1.Task2.V22.Test\Tyuiu.kkhalid.sprint1.Task2.V22.Test.csproj", "{13E0FF3A-A631-464F-909C-944462248C11}"
EndProject
Project("{2150E333-8FDC-42A3-9474-1A3956D46DE8}") = "Task3", "Task3", "{1DE13E04-6A4C-4785-B97A-33EEB8EC2D4F}"
EndProject
Project("{FAE04EC0-301F-11D3-BF4B-00C04F79EFBC}") = "Tyuiu.kkhalid.sprint1.Task3.V5", "Tyuiu.kkhalid.sprint1.Task3.V5\Tyuiu.kkhalid.sprint1.Task3.V5.csproj", "{E5F17E9A-81C8-4B64-8E1D-3755D3BFAB57}"
EndProject
Project("{FAE04EC0-301F-11D3-BF4B-00C04F79EFBC}") = "Tyuiu.kkhalid.sprint1.Task3.V5.Lib", "Tyuiu.kkhalid.sprint1.Task3.V5.Lib\Tyuiu.kkhalid.sprint1.Task3.V5.Lib.csproj", "{0ECD5883-0B0B-455B-9B0B-B88D1909A0DB}"
EndProject
Project("{FAE04EC0-301F-11D3-BF4B-00C04F79EFBC}") = "Tyuiu.kkhalid.sprint1.Task3.V5.Test", "Tyuiu.kkhalid.sprint1.Task3.V5.Test\Tyuiu.kkhalid.sprint1.Task3.V5.Test.csproj", "{A0DE7837-B15E-4469-BDE1-DBA930431E69}"
EndProject
Project("{2150E333-8FDC-42A3-9474-1A3956D46DE8}") = "Task4", "Task4", "{7D67E734-1900-448D-9EF4-37328AF17979}"
EndProject
Project("{FAE04EC0-301F-11D3-BF4B-00C04F79EFBC}") = "Tyuiu.kkhalid.sprint1.Task4.V25", "Tyuiu.kkhalid.sprint1.Task4.V25\Tyuiu.kkhalid.sprint1.Task4.V25.csproj", "{723CEF3F-BB42-4727-8CDF-108BC9F3DF0E}"
EndProject
Project("{FAE04EC0-301F-11D3-BF4B-00C04F79EFBC}") = "Tyuiu.kkhalid.sprint1.Task4.V25.Lib", "Tyuiu.kkhalid.sprint1.Task4.V25.Lib\Tyuiu.kkhalid.sprint1.Task4.V25.Lib.csproj", "{F7B4B6ED-C784-4E2D-9EBE-C479EDCEAF0A}"
EndProject
Project("{FAE04EC0-301F-11D3-BF4B-00C04F79EFBC}") = "Tyuiu.kkhalid.sprint1.Task4.V25.Test", "Tyuiu.kkhalid.sprint1.Task4.V25.Test\Tyuiu.kkhalid.sprint1.Task4.V25.Test.csproj", "{35E086E8-B376-443A-953A-9E6CCBCCEB4A}"
EndProject
Project("{2150E333-8FDC-42A3-9474-1A3956D46DE8}") = "Task5", "Task5", "{49C5659B-8E27-4F28-8457-EA2453CC4CC0}"
EndProject
Project("{FAE04EC0-301F-11D3-BF4B-00C04F79EFBC}") = "Tyuiu.kkhalid.sprint1.Task5.V3", "Tyuiu.kkhalid.sprint1.Task5.V3\Tyuiu.kkhalid.sprint1.Task5.V3.csproj", "{7EE43A95-A8EC-4BDF-B6F0-57CA8AB57F7B}"
EndProject
Project("{FAE04EC0-301F-11D3-BF4B-00C04F79EFBC}") = "Tyuiu.kkhalid.sprint1.Task5.V3.Lib", "Tyuiu.kkhalid.sprint1.Task5.V3.Lib\Tyuiu.kkhalid.sprint1.Task5.V3.Lib.csproj", "{5CB4AFED-496C-49EA-8A47-8D19259FB13D}"
EndProject
Project("{FAE04EC0-301F-11D3-BF4B-00C04F79EFBC}") = "Tyuiu.kkhalid.sprint1.Task5.V3.Test", "Tyuiu.kkhalid.sprint1.Task5.V3.Test\Tyuiu.kkhalid.sprint1.Task5.V3.Test.csproj", "{244758FC-4D10-44E5-90C4-6D6031EFBEB8}"
EndProject
Global
	GlobalSection(SolutionConfigurationPlatforms) = preSolution
		Debug|Any CPU = Debug|Any CPU
		Release|Any CPU = Release|Any CPU
	EndGlobalSection
	GlobalSection(ProjectConfigurationPlatforms) = postSolution
		{56143489-B7AF-457D-A585-46F10FE0AC4D}.Debug|Any CPU.ActiveCfg = Debug|Any CPU
		{56143489-B7AF-457D-A585-46F10FE0AC4D}.Debug|Any CPU.Build.0 = Debug|Any CPU
		{56143489-B7AF-457D-A585-46F10FE0AC4D}.Release|Any CPU.ActiveCfg = Release|Any CPU
		{56143489-B7AF-457D-A585-46F10FE0AC4D}.Release|Any CPU.Build.0 = Release|Any CPU
		{C34A22F9-0E51-44C6-9A8A-F88A460B22FB}.Debug|Any CPU.ActiveCfg = Debug|Any CPU
		{C34A22F9-0E51-44C6-9A8A-F88A460B22FB}.Debug|Any CPU.Build.0 = Debug|Any CPU
		{C34A22F9-0E51-44C6-9A8A-F88A460B22FB}.Release|Any CPU.ActiveCfg = Release|Any CPU
		{C34A22F9-0E51-44C6-9A8A-F88A460B22FB}.Release|Any CPU.Build.0 = Release|Any CPU
		{13E0FF3A-A631-464F-909C-944462248C11}.Debug|Any CPU.ActiveCfg = Debug|Any CPU
		{13E0FF3A-A631-464F-909C-944462248C11}.Debug|Any CPU.Build.0 = Debug|Any CPU
		{13E0FF3A-A631-464F-909C-944462248C11}.Release|Any CPU.ActiveCfg = Release|Any CPU
		{13E0FF3A-A631-464F-909C-944462248C11}.Release|Any CPU.Build.0 = Release|Any CPU
		{E5F17E9A-81C8-4B64-8E1D-3755D3BFAB57}.Debug|Any CPU.ActiveCfg = Debug|Any CPU
		{E5F17E9A-81C8-4B64-8E1D-3755D3BFAB57}.Debug|Any CPU.Build.0 = Debug|Any CPU
		{E5F17E9A-81C8-4B64-8E1D-3755D3BFAB57}.Release|Any CPU.ActiveCfg = Release|Any CPU
		{E5F17E9A-81C8-4B64-8E1D-3755D3BFAB57}.Release|Any CPU.Build.0 = Release|Any CPU
		{0ECD5883-0B0B-455B-9B0B-B88D1909A0DB}.Debug|Any CPU.ActiveCfg = Debug|Any CPU
		{0ECD5883-0B0B-455B-9B0B-B88D1909A0DB}.Debug|Any CPU.Build.0 = Debug|Any CPU
		{0ECD5883-0B0B-455B-9B0B-B88D1909A0DB}.Release|Any CPU.ActiveCfg = Release|Any CPU
		{0ECD5883-0B0B-455B-9B0B-B88D1909A0DB}.Release|Any CPU.Build.0 = Release|Any CPU
		{A0DE7837-B15E-4469-BDE1-DBA930431E69}.Debug|Any CPU.ActiveCfg = Debug|Any CPU
		{A0DE7837-B15E-4469-BDE1-DBA930431E69}.Debug|Any CPU.Build.0 = Debug|Any CPU
		{A0DE7837-B15E-4469-BDE1-DBA930431E69}.Release|Any CPU.ActiveCfg = Release|Any CPU
		{A0DE7837-B15E-4469-BDE1-DBA930431E69}.Release|Any CPU.Build.0 = Release|Any CPU
		{723CEF3F-BB42-4727-8CDF-108BC9F3DF0E}.Debug|Any CPU.ActiveCfg = Debug|Any CPU
		{723CEF3F-BB42-4727-8CDF-108BC9F3DF0E}.Debug|Any CPU.Build.0 = Debug|Any CPU
		{723CEF3F-BB42-4727-8CDF-108BC9F3DF0E}.Release|Any CPU.ActiveCfg = Release|Any CPU
		{723CEF3F-BB42-4727-8CDF-108BC9F3DF0E}.Release|Any CPU.Build.0 = Release|Any CPU
		{F7B4B6ED-C784-4E2D-9EBE-C479EDCEAF0A}.Debug|Any CPU.ActiveCfg = Debug|Any CPU
		{F7B4B6ED-C784-4E2D-9EBE-C479EDCEAF0A}.Debug|Any CPU.Build.0 = Debug|Any CPU
		{F7B4B6ED-C784-4E2D-9EBE-C479EDCEAF0A}.Release|Any CPU.ActiveCfg = Release|Any CPU
		{F7B4B6ED-C784-4E2D-9EBE-C479EDCEAF0A}.Release|Any CPU.Build.0 = Release|Any CPU
		{35E086E8-B376-443A-953A-9E6CCBCCEB4A}.Debug|Any CPU.ActiveCfg = Debug|Any CPU
		{35E086E8-B376-443A-953A-9E6CCBCCEB4A}.Debug|Any CPU.Build.0 = Debug|Any CPU
		{35E086E8-B376-443A-953A-9E6CCBCCEB4A}.Release|Any CPU.ActiveCfg = Release|Any CPU
		{35E086E8-B376-443A-953A-9E6CCBCCEB4A}.Release|Any CPU.Build.0 = Release|Any CPU
		{7EE43A95-A8EC-4BDF-B6F0-57CA8AB57F7B}.Debug|Any CPU.ActiveCfg = Debug|Any CPU
		{7EE43A95-A8EC-4BDF-B6F0-57CA8AB57F7B}.Debug|Any CPU.Build.0 = Debug|Any CPU
		{7EE43A95-A8EC-4BDF-B6F0-57CA8AB57F7B}.Release|Any CPU.ActiveCfg = Release|Any CPU
		{7EE43A95-A8EC-4BDF-B6F0-57CA8AB57F7B}.Release|Any CPU.Build.0 = Release|Any CPU
		{5CB4AFED-496C-49EA-8A47-8D19259FB13D}.Debug|Any CPU.ActiveCfg = Debug|Any CPU
		{5CB4AFED-496C-49EA-8A47-8D19259FB13D}.Debug|Any CPU.Build.0 = Debug|Any CPU
		{5CB4AFED-496C-49EA-8A47-8D19259FB13D}.Release|Any CPU.ActiveCfg = Release|Any CPU
		{5CB4AFED-496C-49EA-8A47-8D19259FB13D}.Release|Any CPU.Build.0 = Release|Any CPU
		{244758FC-4D10-44E5-90C4-6D6031EFBEB8}.Debug|Any CPU.ActiveCfg = Debug|Any CPU
		{244758FC-4D10-44E5-90C4-6D6031EFBEB8}.Debug|Any CPU.Build.0 = Debug|Any CPU
		{244758FC-4D10-44E5-90C4-6D6031EFBEB8}.Release|Any CPU.ActiveCfg = Release|Any CPU
		{244758FC-4D10-44E5-90C4-6D6031EFBEB8}.Release|Any CPU.Build.0 = Release|Any CPU
	EndGlobalSection
	GlobalSection(SolutionProperties) = preSolution
		HideSolutionNode = FALSE
	EndGlobalSection
	GlobalSection(NestedProjects) = preSolution
		{56143489-B7AF-457D-A585-46F10FE0AC4D} = {02EA681E-C7D8-13C7-8484-4AC65E1B71E8}
		{C34A22F9-0E51-44C6-9A8A-F88A460B22FB} = {02EA681E-C7D8-13C7-8484-4AC65E1B71E8}
		{13E0FF3A-A631-464F-909C-944462248C11} = {02EA681E-C7D8-13C7-8484-4AC65E1B71E8}
		{E5F17E9A-81C8-4B64-8E1D-3755D3BFAB57} = {1DE13E04-6A4C-4785-B97A-33EEB8EC2D4F}
		{0ECD5883-0B0B-455B-9B0B-B88D1909A0DB} = {1DE13E04-6A4C-4785-B97A-33EEB8EC2D4F}
		{A0DE7837-B15E-4469-BDE1-DBA930431E69} = {1DE13E04-6A4C-4785-B97A-33EEB8EC2D4F}
		{723CEF3F-BB42-4727-8CDF-108BC9F3DF0E} = {7D67E734-1900-448D-9EF4-37328AF17979}
		{F7B4B6ED-C784-4E2D-9EBE-C479EDCEAF0A} = {7D67E734-1900-448D-9EF4-37328AF17979}
		{35E086E8-B376-443A-953A-9E6CCBCCEB4A} = {7D67E734-1900-448D-9EF4-37328AF17979}
		{7EE43A95-A8EC-4BDF-B6F0-57CA8AB57F7B} = {49C5659B-8E27-4F28-8457-EA2453CC4CC0}
		{5CB4AFED-496C-49EA-8A47-8D19259FB13D} = {49C5659B-8E27-4F28-8457-EA2453CC4CC0}
		{244758FC-4D10-44E5-90C4-6D6031EFBEB8} = {49C5659B-8E27-4F28-8457-EA2453CC4CC0}
	EndGlobalSection
	GlobalSection(ExtensibilityGlobals) = postSolution
		SolutionGuid = {CDC9471D-3AA0-4591-ACE1-866772EE67B6}
	EndGlobalSection
EndGlobal
