
Microsoft Visual Studio Solution File, Format Version 12.00
# Visual Studio Version 17
VisualStudioVersion = 17.14.36518.9
MinimumVisualStudioVersion = 10.0.40219.1
Project("{2150E333-8FDC-42A3-9474-1A3956D46DE8}") = "Task0", "Task0", "{02EA681E-C7D8-13C7-8484-4AC65E1B71E8}"
EndProject
Project("{FAE04EC0-301F-11D3-BF4B-00C04F79EFBC}") = "Tyuiu.kkhalid.sprint1.Task0.V29", "Tyuiu.kkhalid.Sprint1.Task0.V29\Tyuiu.kkhalid.sprint1.Task0.V29.csproj", "{0B49788C-9170-4C38-83FE-64AD75222A44}"
EndProject
Project("{FAE04EC0-301F-11D3-BF4B-00C04F79EFBC}") = "Tyuiu.kkhalid.sprint1.Task0.V29.Lib", "Tyuiu.kkhalid.Sprint1.Task0.V29.Lib\Tyuiu.kkhalid.sprint1.Task0.V29.Lib.csproj", "{50B465C4-E381-475C-BDD2-8ECA87958F9E}"
EndProject
Project("{FAE04EC0-301F-11D3-BF4B-00C04F79EFBC}") = "Tyuiu.kkhalid.sprint1.Task0.V29.Test", "Tyuiu.kkhalid.Sprint1.Task0.V29.Test\Tyuiu.kkhalid.sprint1.Task0.V29.Test.csproj", "{B5531880-3925-4C04-A4C6-C455FF6D7E11}"
EndProject
Project("{2150E333-8FDC-42A3-9474-1A3956D46DE8}") = "Task1", "Task1", "{F429F4C0-D433-40F4-8783-2F987D61546F}"
EndProject
Project("{FAE04EC0-301F-11D3-BF4B-00C04F79EFBC}") = "Tyuiu.kkhalid.Sprint1.Task1.V25", "Tyuiu.kkhalid.sprint1.Task1.V25\Tyuiu.kkhalid.Sprint1.Task1.V25.csproj", "{BE234126-0E1B-48C6-B9A9-D8CA51968E9F}"
EndProject
Project("{FAE04EC0-301F-11D3-BF4B-00C04F79EFBC}") = "Tyuiu.kkhalid.Sprint1.Task1.V25.Lib", "Tyuiu.kkhalid.sprint1.Task1.V25.Lib\Tyuiu.kkhalid.Sprint1.Task1.V25.Lib.csproj", "{F9185909-9F0D-483E-B362-91493A1CE1B4}"
EndProject
Project("{FAE04EC0-301F-11D3-BF4B-00C04F79EFBC}") = "Tyuiu.kkhalid.Sprint1.Task1.V25.Test", "Tyuiu.kkhalid.sprint1.Task1.V25.Test\Tyuiu.kkhalid.Sprint1.Task1.V25.Test.csproj", "{C87DA5FB-B075-4B61-AAB1-D5EB87C47FBB}"
EndProject
Global
	GlobalSection(SolutionConfigurationPlatforms) = preSolution
		Debug|Any CPU = Debug|Any CPU
		Release|Any CPU = Release|Any CPU
	EndGlobalSection
	GlobalSection(ProjectConfigurationPlatforms) = postSolution
		{0B49788C-9170-4C38-83FE-64AD75222A44}.Debug|Any CPU.ActiveCfg = Debug|Any CPU
		{0B49788C-9170-4C38-83FE-64AD75222A44}.Debug|Any CPU.Build.0 = Debug|Any CPU
		{0B49788C-9170-4C38-83FE-64AD75222A44}.Release|Any CPU.ActiveCfg = Release|Any CPU
		{0B49788C-9170-4C38-83FE-64AD75222A44}.Release|Any CPU.Build.0 = Release|Any CPU
		{50B465C4-E381-475C-BDD2-8ECA87958F9E}.Debug|Any CPU.ActiveCfg = Debug|Any CPU
		{50B465C4-E381-475C-BDD2-8ECA87958F9E}.Debug|Any CPU.Build.0 = Debug|Any CPU
		{50B465C4-E381-475C-BDD2-8ECA87958F9E}.Release|Any CPU.ActiveCfg = Release|Any CPU
		{50B465C4-E381-475C-BDD2-8ECA87958F9E}.Release|Any CPU.Build.0 = Release|Any CPU
		{B5531880-3925-4C04-A4C6-C455FF6D7E11}.Debug|Any CPU.ActiveCfg = Debug|Any CPU
		{B5531880-3925-4C04-A4C6-C455FF6D7E11}.Debug|Any CPU.Build.0 = Debug|Any CPU
		{B5531880-3925-4C04-A4C6-C455FF6D7E11}.Release|Any CPU.ActiveCfg = Release|Any CPU
		{B5531880-3925-4C04-A4C6-C455FF6D7E11}.Release|Any CPU.Build.0 = Release|Any CPU
		{BE234126-0E1B-48C6-B9A9-D8CA51968E9F}.Debug|Any CPU.ActiveCfg = Debug|Any CPU
		{BE234126-0E1B-48C6-B9A9-D8CA51968E9F}.Debug|Any CPU.Build.0 = Debug|Any CPU
		{BE234126-0E1B-48C6-B9A9-D8CA51968E9F}.Release|Any CPU.ActiveCfg = Release|Any CPU
		{BE234126-0E1B-48C6-B9A9-D8CA51968E9F}.Release|Any CPU.Build.0 = Release|Any CPU
		{F9185909-9F0D-483E-B362-91493A1CE1B4}.Debug|Any CPU.ActiveCfg = Debug|Any CPU
		{F9185909-9F0D-483E-B362-91493A1CE1B4}.Debug|Any CPU.Build.0 = Debug|Any CPU
		{F9185909-9F0D-483E-B362-91493A1CE1B4}.Release|Any CPU.ActiveCfg = Release|Any CPU
		{F9185909-9F0D-483E-B362-91493A1CE1B4}.Release|Any CPU.Build.0 = Release|Any CPU
		{C87DA5FB-B075-4B61-AAB1-D5EB87C47FBB}.Debug|Any CPU.ActiveCfg = Debug|Any CPU
		{C87DA5FB-B075-4B61-AAB1-D5EB87C47FBB}.Debug|Any CPU.Build.0 = Debug|Any CPU
		{C87DA5FB-B075-4B61-AAB1-D5EB87C47FBB}.Release|Any CPU.ActiveCfg = Release|Any CPU
		{C87DA5FB-B075-4B61-AAB1-D5EB87C47FBB}.Release|Any CPU.Build.0 = Release|Any CPU
	EndGlobalSection
	GlobalSection(SolutionProperties) = preSolution
		HideSolutionNode = FALSE
	EndGlobalSection
	GlobalSection(NestedProjects) = preSolution
		{0B49788C-9170-4C38-83FE-64AD75222A44} = {02EA681E-C7D8-13C7-8484-4AC65E1B71E8}
		{50B465C4-E381-475C-BDD2-8ECA87958F9E} = {02EA681E-C7D8-13C7-8484-4AC65E1B71E8}
		{B5531880-3925-4C04-A4C6-C455FF6D7E11} = {02EA681E-C7D8-13C7-8484-4AC65E1B71E8}
		{BE234126-0E1B-48C6-B9A9-D8CA51968E9F} = {F429F4C0-D433-40F4-8783-2F987D61546F}
		{F9185909-9F0D-483E-B362-91493A1CE1B4} = {F429F4C0-D433-40F4-8783-2F987D61546F}
		{C87DA5FB-B075-4B61-AAB1-D5EB87C47FBB} = {F429F4C0-D433-40F4-8783-2F987D61546F}
	EndGlobalSection
	GlobalSection(ExtensibilityGlobals) = postSolution
		SolutionGuid = {B8575C63-3C1E-4D9A-B523-1C5E02C99F67}
	EndGlobalSection
EndGlobal
